// !$*UTF8*$!
{
	archiveVersion = 1;
	classes = {
	};
	objectVersion = 55;
	objects = {

/* Begin PBXBuildFile section */
		9039E29828261BD900A75F0E /* AppDelegate.swift in Sources */ = {isa = PBXBuildFile; fileRef = 9039E29728261BD900A75F0E /* AppDelegate.swift */; };
		9039E29A28261BD900A75F0E /* SceneDelegate.swift in Sources */ = {isa = PBXBuildFile; fileRef = 9039E29928261BD900A75F0E /* SceneDelegate.swift */; };
		9039E29C28261BD900A75F0E /* ViewController.swift in Sources */ = {isa = PBXBuildFile; fileRef = 9039E29B28261BD900A75F0E /* ViewController.swift */; };
		9039E2A128261BDD00A75F0E /* Assets.xcassets in Resources */ = {isa = PBXBuildFile; fileRef = 9039E2A028261BDD00A75F0E /* Assets.xcassets */; };
		9039E2AE2826309E00A75F0E /* Movie.swift in Sources */ = {isa = PBXBuildFile; fileRef = 9039E2AD2826309E00A75F0E /* Movie.swift */; };
		9039E2B12826316000A75F0E /* MoviePresenter.swift in Sources */ = {isa = PBXBuildFile; fileRef = 9039E2B02826316000A75F0E /* MoviePresenter.swift */; };
		9039E2B32826317B00A75F0E /* NetworkRequest.swift in Sources */ = {isa = PBXBuildFile; fileRef = 9039E2B22826317B00A75F0E /* NetworkRequest.swift */; };
		9039E2B5282635D900A75F0E /* MovieCell.swift in Sources */ = {isa = PBXBuildFile; fileRef = 9039E2B4282635D900A75F0E /* MovieCell.swift */; };
		9039E2B7282638C400A75F0E /* MovieDetailViewController.swift in Sources */ = {isa = PBXBuildFile; fileRef = 9039E2B6282638C400A75F0E /* MovieDetailViewController.swift */; };
/* End PBXBuildFile section */

/* Begin PBXFileReference section */
		9039E29428261BD900A75F0E /* PhonePeMC.app */ = {isa = PBXFileReference; explicitFileType = wrapper.application; includeInIndex = 0; path = PhonePeMC.app; sourceTree = BUILT_PRODUCTS_DIR; };
		9039E29728261BD900A75F0E /* AppDelegate.swift */ = {isa = PBXFileReference; lastKnownFileType = sourcecode.swift; path = AppDelegate.swift; sourceTree = "<group>"; };
		9039E29928261BD900A75F0E /* SceneDelegate.swift */ = {isa = PBXFileReference; lastKnownFileType = sourcecode.swift; path = SceneDelegate.swift; sourceTree = "<group>"; };
		9039E29B28261BD900A75F0E /* ViewController.swift */ = {isa = PBXFileReference; lastKnownFileType = sourcecode.swift; path = ViewController.swift; sourceTree = "<group>"; };
		9039E2A028261BDD00A75F0E /* Assets.xcassets */ = {isa = PBXFileReference; lastKnownFileType = folder.assetcatalog; path = Assets.xcassets; sourceTree = "<group>"; };
		9039E2A528261BDD00A75F0E /* Info.plist */ = {isa = PBXFileReference; lastKnownFileType = text.plist.xml; path = Info.plist; sourceTree = "<group>"; };
		9039E2AD2826309E00A75F0E /* Movie.swift */ = {isa = PBXFileReference; lastKnownFileType = sourcecode.swift; path = Movie.swift; sourceTree = "<group>"; };
		9039E2B02826316000A75F0E /* MoviePresenter.swift */ = {isa = PBXFileReference; lastKnownFileType = sourcecode.swift; path = MoviePresenter.swift; sourceTree = "<group>"; };
		9039E2B22826317B00A75F0E /* NetworkRequest.swift */ = {isa = PBXFileReference; lastKnownFileType = sourcecode.swift; path = NetworkRequest.swift; sourceTree = "<group>"; };
		9039E2B4282635D900A75F0E /* MovieCell.swift */ = {isa = PBXFileReference; lastKnownFileType = sourcecode.swift; path = MovieCell.swift; sourceTree = "<group>"; };
		9039E2B6282638C400A75F0E /* MovieDetailViewController.swift */ = {isa = PBXFileReference; lastKnownFileType = sourcecode.swift; path = MovieDetailViewController.swift; sourceTree = "<group>"; };
/* End PBXFileReference section */

/* Begin PBXFrameworksBuildPhase section */
		9039E29128261BD900A75F0E /* Frameworks */ = {
			isa = PBXFrameworksBuildPhase;
			buildActionMask = 2147483647;
			files = (
			);
			runOnlyForDeploymentPostprocessing = 0;
		};
/* End PBXFrameworksBuildPhase section */

/* Begin PBXGroup section */
		9039E28B28261BD900A75F0E = {
			isa = PBXGroup;
			children = (
				9039E29628261BD900A75F0E /* PhonePeMC */,
				9039E29528261BD900A75F0E /* Products */,
			);
			sourceTree = "<group>";
		};
		9039E29528261BD900A75F0E /* Products */ = {
			isa = PBXGroup;
			children = (
				9039E29428261BD900A75F0E /* PhonePeMC.app */,
			);
			name = Products;
			sourceTree = "<group>";
		};
		9039E29628261BD900A75F0E /* PhonePeMC */ = {
			isa = PBXGroup;
			children = (
				9039E2AF2826315200A75F0E /* Presenter */,
				9039E2AC2826301D00A75F0E /* Model */,
				9039E2AB2826301400A75F0E /* View */,
				9039E29728261BD900A75F0E /* AppDelegate.swift */,
				9039E29928261BD900A75F0E /* SceneDelegate.swift */,
				9039E2A028261BDD00A75F0E /* Assets.xcassets */,
				9039E2A528261BDD00A75F0E /* Info.plist */,
			);
			path = PhonePeMC;
			sourceTree = "<group>";
		};
		9039E2AB2826301400A75F0E /* View */ = {
			isa = PBXGroup;
			children = (
				9039E29B28261BD900A75F0E /* ViewController.swift */,
				9039E2B4282635D900A75F0E /* MovieCell.swift */,
				9039E2B6282638C400A75F0E /* MovieDetailViewController.swift */,
			);
			path = View;
			sourceTree = "<group>";
		};
		9039E2AC2826301D00A75F0E /* Model */ = {
			isa = PBXGroup;
			children = (
				9039E2AD2826309E00A75F0E /* Movie.swift */,
			);
			path = Model;
			sourceTree = "<group>";
		};
		9039E2AF2826315200A75F0E /* Presenter */ = {
			isa = PBXGroup;
			children = (
				9039E2B02826316000A75F0E /* MoviePresenter.swift */,
				9039E2B22826317B00A75F0E /* NetworkRequest.swift */,
			);
			path = Presenter;
			sourceTree = "<group>";
		};
/* End PBXGroup section */

/* Begin PBXNativeTarget section */
		9039E29328261BD900A75F0E /* PhonePeMC */ = {
			isa = PBXNativeTarget;
			buildConfigurationList = 9039E2A828261BDD00A75F0E /* Build configuration list for PBXNativeTarget "PhonePeMC" */;
			buildPhases = (
				9039E29028261BD900A75F0E /* Sources */,
				9039E29128261BD900A75F0E /* Frameworks */,
				9039E29228261BD900A75F0E /* Resources */,
			);
			buildRules = (
			);
			dependencies = (
			);
			name = PhonePeMC;
			productName = PhonePeMC;
			productReference = 9039E29428261BD900A75F0E /* PhonePeMC.app */;
			productType = "com.apple.product-type.application";
		};
/* End PBXNativeTarget section */

/* Begin PBXProject section */
		9039E28C28261BD900A75F0E /* Project object */ = {
			isa = PBXProject;
			attributes = {
				BuildIndependentTargetsInParallel = 1;
				LastSwiftUpdateCheck = 1330;
				LastUpgradeCheck = 1330;
				TargetAttributes = {
					9039E29328261BD900A75F0E = {
						CreatedOnToolsVersion = 13.3.1;
					};
				};
			};
			buildConfigurationList = 9039E28F28261BD900A75F0E /* Build configuration list for PBXProject "PhonePeMC" */;
			compatibilityVersion = "Xcode 13.0";
			developmentRegion = en;
			hasScannedForEncodings = 0;
			knownRegions = (
				en,
				Base,
			);
			mainGroup = 9039E28B28261BD900A75F0E;
			productRefGroup = 9039E29528261BD900A75F0E /* Products */;
			projectDirPath = "";
			projectRoot = "";
			targets = (
				9039E29328261BD900A75F0E /* PhonePeMC */,
			);
		};
/* End PBXProject section */

/* Begin PBXResourcesBuildPhase section */
		9039E29228261BD900A75F0E /* Resources */ = {
			isa = PBXResourcesBuildPhase;
			buildActionMask = 2147483647;
			files = (
				9039E2A128261BDD00A75F0E /* Assets.xcassets in Resources */,
			);
			runOnlyForDeploymentPostprocessing = 0;
		};
/* End PBXResourcesBuildPhase section */

/* Begin PBXSourcesBuildPhase section */
		9039E29028261BD900A75F0E /* Sources */ = {
			isa = PBXSourcesBuildPhase;
			buildActionMask = 2147483647;
			files = (
				9039E2B5282635D900A75F0E /* MovieCell.swift in Sources */,
				9039E29C28261BD900A75F0E /* ViewController.swift in Sources */,
				9039E29828261BD900A75F0E /* AppDelegate.swift in Sources */,
				9039E2AE2826309E00A75F0E /* Movie.swift in Sources */,
				9039E2B7282638C400A75F0E /* MovieDetailViewController.swift in Sources */,
				9039E2B12826316000A75F0E /* MoviePresenter.swift in Sources */,
				9039E2B32826317B00A75F0E /* NetworkRequest.swift in Sources */,
				9039E29A28261BD900A75F0E /* SceneDelegate.swift in Sources */,
			);
			runOnlyForDeploymentPostprocessing = 0;
		};
/* End PBXSourcesBuildPhase section */

/* Begin XCBuildConfiguration section */
		9039E2A628261BDD00A75F0E /* Debug */ = {
			isa = XCBuildConfiguration;
			buildSettings = {
				ALWAYS_SEARCH_USER_PATHS = NO;
				CLANG_ANALYZER_NONNULL = YES;
				CLANG_ANALYZER_NUMBER_OBJECT_CONVERSION = YES_AGGRESSIVE;
				CLANG_CXX_LANGUAGE_STANDARD = "gnu++17";
				CLANG_ENABLE_MODULES = YES;
				CLANG_ENABLE_OBJC_ARC = YES;
				CLANG_ENABLE_OBJC_WEAK = YES;
				CLANG_WARN_BLOCK_CAPTURE_AUTORELEASING = YES;
				CLANG_WARN_BOOL_CONVERSION = YES;
				CLANG_WARN_COMMA = YES;
				CLANG_WARN_CONSTANT_CONVERSION = YES;
				CLANG_WARN_DEPRECATED_OBJC_IMPLEMENTATIONS = YES;
				CLANG_WARN_DIRECT_OBJC_ISA_USAGE = YES_ERROR;
				CLANG_WARN_DOCUMENTATION_COMMENTS = YES;
				CLANG_WARN_EMPTY_BODY = YES;
				CLANG_WARN_ENUM_CONVERSION = YES;
				CLANG_WARN_INFINITE_RECURSION = YES;
				CLANG_WARN_INT_CONVERSION = YES;
				CLANG_WARN_NON_LITERAL_NULL_CONVERSION = YES;
				CLANG_WARN_OBJC_IMPLICIT_RETAIN_SELF = YES;
				CLANG_WARN_OBJC_LITERAL_CONVERSION = YES;
				CLANG_WARN_OBJC_ROOT_CLASS = YES_ERROR;
				CLANG_WARN_QUOTED_INCLUDE_IN_FRAMEWORK_HEADER = YES;
				CLANG_WARN_RANGE_LOOP_ANALYSIS = YES;
				CLANG_WARN_STRICT_PROTOTYPES = YES;
				CLANG_WARN_SUSPICIOUS_MOVE = YES;
				CLANG_WARN_UNGUARDED_AVAILABILITY = YES_AGGRESSIVE;
				CLANG_WARN_UNREACHABLE_CODE = YES;
				CLANG_WARN__DUPLICATE_METHOD_MATCH = YES;
				COPY_PHASE_STRIP = NO;
				DEBUG_INFORMATION_FORMAT = dwarf;
				ENABLE_STRICT_OBJC_MSGSEND = YES;
				ENABLE_TESTABILITY = YES;
				GCC_C_LANGUAGE_STANDARD = gnu11;
				GCC_DYNAMIC_NO_PIC = NO;
				GCC_NO_COMMON_BLOCKS = YES;
				GCC_OPTIMIZATION_LEVEL = 0;
				GCC_PREPROCESSOR_DEFINITIONS = (
					"DEBUG=1",
					"$(inherited)",
				);
				GCC_WARN_64_TO_32_BIT_CONVERSION = YES;
				GCC_WARN_ABOUT_RETURN_TYPE = YES_ERROR;
				GCC_WARN_UNDECLARED_SELECTOR = YES;
				GCC_WARN_UNINITIALIZED_AUTOS = YES_AGGRESSIVE;
				GCC_WARN_UNUSED_FUNCTION = YES;
				GCC_WARN_UNUSED_VARIABLE = YES;
				IPHONEOS_DEPLOYMENT_TARGET = 15.4;
				MTL_ENABLE_DEBUG_INFO = INCLUDE_SOURCE;
				MTL_FAST_MATH = YES;
				ONLY_ACTIVE_ARCH = YES;
				SDKROOT = iphoneos;
				SWIFT_ACTIVE_COMPILATION_CONDITIONS = DEBUG;
				SWIFT_OPTIMIZATION_LEVEL = "-Onone";
			};
			name = Debug;
		};
		9039E2A728261BDD00A75F0E /* Release */ = {
			isa = XCBuildConfiguration;
			buildSettings = {
				ALWAYS_SEARCH_USER_PATHS = NO;
				CLANG_ANALYZER_NONNULL = YES;
				CLANG_ANALYZER_NUMBER_OBJECT_CONVERSION = YES_AGGRESSIVE;
				CLANG_CXX_LANGUAGE_STANDARD = "gnu++17";
				CLANG_ENABLE_MODULES = YES;
				CLANG_ENABLE_OBJC_ARC = YES;
				CLANG_ENABLE_OBJC_WEAK = YES;
				CLANG_WARN_BLOCK_CAPTURE_AUTORELEASING = YES;
				CLANG_WARN_BOOL_CONVERSION = YES;
				CLANG_WARN_COMMA = YES;
				CLANG_WARN_CONSTANT_CONVERSION = YES;
				CLANG_WARN_DEPRECATED_OBJC_IMPLEMENTATIONS = YES;
				CLANG_WARN_DIRECT_OBJC_ISA_USAGE = YES_ERROR;
				CLANG_WARN_DOCUMENTATION_COMMENTS = YES;
				CLANG_WARN_EMPTY_BODY = YES;
				CLANG_WARN_ENUM_CONVERSION = YES;
				CLANG_WARN_INFINITE_RECURSION = YES;
				CLANG_WARN_INT_CONVERSION = YES;
				CLANG_WARN_NON_LITERAL_NULL_CONVERSION = YES;
				CLANG_WARN_OBJC_IMPLICIT_RETAIN_SELF = YES;
				CLANG_WARN_OBJC_LITERAL_CONVERSION = YES;
				CLANG_WARN_OBJC_ROOT_CLASS = YES_ERROR;
				CLANG_WARN_QUOTED_INCLUDE_IN_FRAMEWORK_HEADER = YES;
				CLANG_WARN_RANGE_LOOP_ANALYSIS = YES;
				CLANG_WARN_STRICT_PROTOTYPES = YES;
				CLANG_WARN_SUSPICIOUS_MOVE = YES;
				CLANG_WARN_UNGUARDED_AVAILABILITY = YES_AGGRESSIVE;
				CLANG_WARN_UNREACHABLE_CODE = YES;
				CLANG_WARN__DUPLICATE_METHOD_MATCH = YES;
				COPY_PHASE_STRIP = NO;
				DEBUG_INFORMATION_FORMAT = "dwarf-with-dsym";
				ENABLE_NS_ASSERTIONS = NO;
				ENABLE_STRICT_OBJC_MSGSEND = YES;
				GCC_C_LANGUAGE_STANDARD = gnu11;
				GCC_NO_COMMON_BLOCKS = YES;
				GCC_WARN_64_TO_32_BIT_CONVERSION = YES;
				GCC_WARN_ABOUT_RETURN_TYPE = YES_ERROR;
				GCC_WARN_UNDECLARED_SELECTOR = YES;
				GCC_WARN_UNINITIALIZED_AUTOS = YES_AGGRESSIVE;
				GCC_WARN_UNUSED_FUNCTION = YES;
				GCC_WARN_UNUSED_VARIABLE = YES;
				IPHONEOS_DEPLOYMENT_TARGET = 15.4;
				MTL_ENABLE_DEBUG_INFO = NO;
				MTL_FAST_MATH = YES;
				SDKROOT = iphoneos;
				SWIFT_COMPILATION_MODE = wholemodule;
				SWIFT_OPTIMIZATION_LEVEL = "-O";
				VALIDATE_PRODUCT = YES;
			};
			name = Release;
		};
		9039E2A928261BDD00A75F0E /* Debug */ = {
			isa = XCBuildConfiguration;
			buildSettings = {
				ASSETCATALOG_COMPILER_APPICON_NAME = AppIcon;
				ASSETCATALOG_COMPILER_GLOBAL_ACCENT_COLOR_NAME = AccentColor;
				CODE_SIGN_STYLE = Automatic;
				CURRENT_PROJECT_VERSION = 1;
				DEVELOPMENT_TEAM = 66F5T897X5;
				GENERATE_INFOPLIST_FILE = YES;
				INFOPLIST_FILE = PhonePeMC/Info.plist;
				INFOPLIST_KEY_UIApplicationSupportsIndirectInputEvents = YES;
				INFOPLIST_KEY_UILaunchStoryboardName = LaunchScreen;
				INFOPLIST_KEY_UISupportedInterfaceOrientations = UIInterfaceOrientationPortrait;
				INFOPLIST_KEY_UISupportedInterfaceOrientations_iPad = "UIInterfaceOrientationPortrait UIInterfaceOrientationPortraitUpsideDown UIInterfaceOrientationLandscapeLeft UIInterfaceOrientationLandscapeRight";
				INFOPLIST_KEY_UISupportedInterfaceOrientations_iPhone = "UIInterfaceOrientationPortrait UIInterfaceOrientationLandscapeLeft UIInterfaceOrientationLandscapeRight";
				LD_RUNPATH_SEARCH_PATHS = (
					"$(inherited)",
					"@executable_path/Frameworks",
				);
				MARKETING_VERSION = 1.0;
				PRODUCT_BUNDLE_IDENTIFIER = Com.kp.PhonePeMC;
				PRODUCT_NAME = "$(TARGET_NAME)";
				SWIFT_EMIT_LOC_STRINGS = YES;
				SWIFT_VERSION = 5.0;
				TARGETED_DEVICE_FAMILY = "1,2";
			};
			name = Debug;
		};
		9039E2AA28261BDD00A75F0E /* Release */ = {
			isa = XCBuildConfiguration;
			buildSettings = {
				ASSETCATALOG_COMPILER_APPICON_NAME = AppIcon;
				ASSETCATALOG_COMPILER_GLOBAL_ACCENT_COLOR_NAME = AccentColor;
				CODE_SIGN_STYLE = Automatic;
				CURRENT_PROJECT_VERSION = 1;
				DEVELOPMENT_TEAM = 66F5T897X5;
				GENERATE_INFOPLIST_FILE = YES;
				INFOPLIST_FILE = PhonePeMC/Info.plist;
				INFOPLIST_KEY_UIApplicationSupportsIndirectInputEvents = YES;
				INFOPLIST_KEY_UILaunchStoryboardName = LaunchScreen;
				INFOPLIST_KEY_UISupportedInterfaceOrientations = UIInterfaceOrientationPortrait;
				INFOPLIST_KEY_UISupportedInterfaceOrientations_iPad = "UIInterfaceOrientationPortrait UIInterfaceOrientationPortraitUpsideDown UIInterfaceOrientationLandscapeLeft UIInterfaceOrientationLandscapeRight";
				INFOPLIST_KEY_UISupportedInterfaceOrientations_iPhone = "UIInterfaceOrientationPortrait UIInterfaceOrientationLandscapeLeft UIInterfaceOrientationLandscapeRight";
				LD_RUNPATH_SEARCH_PATHS = (
					"$(inherited)",
					"@executable_path/Frameworks",
				);
				MARKETING_VERSION = 1.0;
				PRODUCT_BUNDLE_IDENTIFIER = Com.kp.PhonePeMC;
				PRODUCT_NAME = "$(TARGET_NAME)";
				SWIFT_EMIT_LOC_STRINGS = YES;
				SWIFT_VERSION = 5.0;
				TARGETED_DEVICE_FAMILY = "1,2";
			};
			name = Release;
		};
/* End XCBuildConfiguration section */

/* Begin XCConfigurationList section */
		9039E28F28261BD900A75F0E /* Build configuration list for PBXProject "PhonePeMC" */ = {
			isa = XCConfigurationList;
			buildConfigurations = (
				9039E2A628261BDD00A75F0E /* Debug */,
				9039E2A728261BDD00A75F0E /* Release */,
			);
			defaultConfigurationIsVisible = 0;
			defaultConfigurationName = Release;
		};
		9039E2A828261BDD00A75F0E /* Build configuration list for PBXNativeTarget "PhonePeMC" */ = {
			isa = XCConfigurationList;
			buildConfigurations = (
				9039E2A928261BDD00A75F0E /* Debug */,
				9039E2AA28261BDD00A75F0E /* Release */,
			);
			defaultConfigurationIsVisible = 0;
			defaultConfigurationName = Release;
		};
/* End XCConfigurationList section */
	};
	rootObject = 9039E28C28261BD900A75F0E /* Project object */;
}
